// !$*UTF8*$!
{
	archiveVersion = 1;
	classes = {
	};
	objectVersion = 56;
	objects = {

/* Begin PBXBuildFile section */
		8207C1872C0E1DB500449FFB /* Coordinate.swift in Sources */ = {isa = PBXBuildFile; fileRef = 8207C1862C0E1DB500449FFB /* Coordinate.swift */; };
		8207C1892C0E1DEF00449FFB /* Ship.swift in Sources */ = {isa = PBXBuildFile; fileRef = 8207C1882C0E1DEF00449FFB /* Ship.swift */; };
		8207C18E2C0F8E4000449FFB /* WebSocketService.swift in Sources */ = {isa = PBXBuildFile; fileRef = 8207C18D2C0F8E4000449FFB /* WebSocketService.swift */; };
		8207C1902C0F953800449FFB /* GameState.swift in Sources */ = {isa = PBXBuildFile; fileRef = 8207C18F2C0F953800449FFB /* GameState.swift */; };
		8207C1922C124F2800449FFB /* BattleshipInterface.swift in Sources */ = {isa = PBXBuildFile; fileRef = 8207C1912C124F2800449FFB /* BattleshipInterface.swift */; };
		8207C1942C15EC7A00449FFB /* AttackResult.swift in Sources */ = {isa = PBXBuildFile; fileRef = 8207C1932C15EC7A00449FFB /* AttackResult.swift */; };
		8207C1962C1600B300449FFB /* BattleshipAttackView.swift in Sources */ = {isa = PBXBuildFile; fileRef = 8207C1952C1600B300449FFB /* BattleshipAttackView.swift */; };
		8207C1982C1601A800449FFB /* BattleshipDefenceView.swift in Sources */ = {isa = PBXBuildFile; fileRef = 8207C1972C1601A800449FFB /* BattleshipDefenceView.swift */; };
		8207C19A2C1602DA00449FFB /* GameCreatedView.swift in Sources */ = {isa = PBXBuildFile; fileRef = 8207C1992C1602DA00449FFB /* GameCreatedView.swift */; };
		8207C19E2C160DAD00449FFB /* View+Extensions.swift in Sources */ = {isa = PBXBuildFile; fileRef = 8207C19D2C160DAD00449FFB /* View+Extensions.swift */; };
		8207C1A22C1613E000449FFB /* Colors.xcassets in Resources */ = {isa = PBXBuildFile; fileRef = 8207C1A12C1613E000449FFB /* Colors.xcassets */; };
		822B2E482BA920ED00CCF448 /* ShipGameApp.swift in Sources */ = {isa = PBXBuildFile; fileRef = 822B2E472BA920ED00CCF448 /* ShipGameApp.swift */; };
		822B2E4A2BA920ED00CCF448 /* GameView.swift in Sources */ = {isa = PBXBuildFile; fileRef = 822B2E492BA920ED00CCF448 /* GameView.swift */; };
		822B2E4C2BA920EF00CCF448 /* Assets.xcassets in Resources */ = {isa = PBXBuildFile; fileRef = 822B2E4B2BA920EF00CCF448 /* Assets.xcassets */; };
		822B2E502BA920EF00CCF448 /* Preview Assets.xcassets in Resources */ = {isa = PBXBuildFile; fileRef = 822B2E4F2BA920EF00CCF448 /* Preview Assets.xcassets */; };
		822B2E572BA9340F00CCF448 /* GameGrid.swift in Sources */ = {isa = PBXBuildFile; fileRef = 822B2E562BA9340F00CCF448 /* GameGrid.swift */; };
		8238E70D2BD5825A00C85144 /* LandingView.swift in Sources */ = {isa = PBXBuildFile; fileRef = 8238E70C2BD5825A00C85144 /* LandingView.swift */; };
		8238E70F2BD5833100C85144 /* BattleshipViewModel.swift in Sources */ = {isa = PBXBuildFile; fileRef = 8238E70E2BD5833100C85144 /* BattleshipViewModel.swift */; };
		823C5BD12BE95AF100112962 /* CreateMessage.swift in Sources */ = {isa = PBXBuildFile; fileRef = 823C5BD02BE95AF100112962 /* CreateMessage.swift */; };
		823C5BD32BE95B0F00112962 /* Message.swift in Sources */ = {isa = PBXBuildFile; fileRef = 823C5BD22BE95B0F00112962 /* Message.swift */; };
		823C5BD52BE95B2400112962 /* Code.swift in Sources */ = {isa = PBXBuildFile; fileRef = 823C5BD42BE95B2400112962 /* Code.swift */; };
		823C5BD92BF124BD00112962 /* JoinMessage.swift in Sources */ = {isa = PBXBuildFile; fileRef = 823C5BD82BF124BD00112962 /* JoinMessage.swift */; };
		828AE2142C1F524F00E54D74 /* SessionMessage.swift in Sources */ = {isa = PBXBuildFile; fileRef = 828AE2132C1F524F00E54D74 /* SessionMessage.swift */; };
		828AE2162C1F52A400E54D74 /* Session.swift in Sources */ = {isa = PBXBuildFile; fileRef = 828AE2152C1F52A400E54D74 /* Session.swift */; };
		82EFD99C2C0A60A300EAAF86 /* ResponseMessage.swift in Sources */ = {isa = PBXBuildFile; fileRef = 82EFD99B2C0A60A300EAAF86 /* ResponseMessage.swift */; };
		82EFD99E2C0A696D00EAAF86 /* Instruction.swift in Sources */ = {isa = PBXBuildFile; fileRef = 82EFD99D2C0A696D00EAAF86 /* Instruction.swift */; };
		82EFD9A02C0A69D200EAAF86 /* BattleshipDefendGridView.swift in Sources */ = {isa = PBXBuildFile; fileRef = 82EFD99F2C0A69D200EAAF86 /* BattleshipDefendGridView.swift */; };
		82EFD9A32C0A7C3800EAAF86 /* InstructionsView.swift in Sources */ = {isa = PBXBuildFile; fileRef = 82EFD9A22C0A7C3800EAAF86 /* InstructionsView.swift */; };
		82EFD9A52C0A7C8100EAAF86 /* ShipsButtonView.swift in Sources */ = {isa = PBXBuildFile; fileRef = 82EFD9A42C0A7C8000EAAF86 /* ShipsButtonView.swift */; };
		82EFD9A72C0BBC7B00EAAF86 /* ReadyView.swift in Sources */ = {isa = PBXBuildFile; fileRef = 82EFD9A62C0BBC7B00EAAF86 /* ReadyView.swift */; };
		82EFD9A92C0D08AA00EAAF86 /* ReadyMessage.swift in Sources */ = {isa = PBXBuildFile; fileRef = 82EFD9A82C0D08AA00EAAF86 /* ReadyMessage.swift */; };
		82EFD9AB2C0D09A400EAAF86 /* GameInfo.swift in Sources */ = {isa = PBXBuildFile; fileRef = 82EFD9AA2C0D09A400EAAF86 /* GameInfo.swift */; };
		82EFD9AD2C0D291900EAAF86 /* BattleshipAttackGridView.swift in Sources */ = {isa = PBXBuildFile; fileRef = 82EFD9AC2C0D291900EAAF86 /* BattleshipAttackGridView.swift */; };
		82EFD9AF2C0D312F00EAAF86 /* AttackMessage.swift in Sources */ = {isa = PBXBuildFile; fileRef = 82EFD9AE2C0D312F00EAAF86 /* AttackMessage.swift */; };
		82EFD9B12C0D5B9300EAAF86 /* Game.swift in Sources */ = {isa = PBXBuildFile; fileRef = 82EFD9B02C0D5B9300EAAF86 /* Game.swift */; };
		82EFD9B32C0D5D1700EAAF86 /* Player.swift in Sources */ = {isa = PBXBuildFile; fileRef = 82EFD9B22C0D5D1700EAAF86 /* Player.swift */; };
		82F1D2102C17E54600A600BF /* SunkenShip.swift in Sources */ = {isa = PBXBuildFile; fileRef = 82F1D20F2C17E54600A600BF /* SunkenShip.swift */; };
		82F1D2122C18DC4600A600BF /* EndMessage.swift in Sources */ = {isa = PBXBuildFile; fileRef = 82F1D2112C18DC4600A600BF /* EndMessage.swift */; };
		82F1D2142C18DCF600A600BF /* GameResult.swift in Sources */ = {isa = PBXBuildFile; fileRef = 82F1D2132C18DCF600A600BF /* GameResult.swift */; };
		82F1D2162C18E3C500A600BF /* EndGameView.swift in Sources */ = {isa = PBXBuildFile; fileRef = 82F1D2152C18E3C500A600BF /* EndGameView.swift */; };
		82F305CA2BB461CC00F633FA /* WebSocketManager.swift in Sources */ = {isa = PBXBuildFile; fileRef = 82F305C92BB461CC00F633FA /* WebSocketManager.swift */; };
/* End PBXBuildFile section */

/* Begin PBXFileReference section */
		8207C1862C0E1DB500449FFB /* Coordinate.swift */ = {isa = PBXFileReference; lastKnownFileType = sourcecode.swift; path = Coordinate.swift; sourceTree = "<group>"; };
		8207C1882C0E1DEF00449FFB /* Ship.swift */ = {isa = PBXFileReference; lastKnownFileType = sourcecode.swift; path = Ship.swift; sourceTree = "<group>"; };
		8207C18D2C0F8E4000449FFB /* WebSocketService.swift */ = {isa = PBXFileReference; lastKnownFileType = sourcecode.swift; path = WebSocketService.swift; sourceTree = "<group>"; };
		8207C18F2C0F953800449FFB /* GameState.swift */ = {isa = PBXFileReference; lastKnownFileType = sourcecode.swift; path = GameState.swift; sourceTree = "<group>"; };
		8207C1912C124F2800449FFB /* BattleshipInterface.swift */ = {isa = PBXFileReference; lastKnownFileType = sourcecode.swift; path = BattleshipInterface.swift; sourceTree = "<group>"; };
		8207C1932C15EC7A00449FFB /* AttackResult.swift */ = {isa = PBXFileReference; lastKnownFileType = sourcecode.swift; path = AttackResult.swift; sourceTree = "<group>"; };
		8207C1952C1600B300449FFB /* BattleshipAttackView.swift */ = {isa = PBXFileReference; lastKnownFileType = sourcecode.swift; path = BattleshipAttackView.swift; sourceTree = "<group>"; };
		8207C1972C1601A800449FFB /* BattleshipDefenceView.swift */ = {isa = PBXFileReference; lastKnownFileType = sourcecode.swift; path = BattleshipDefenceView.swift; sourceTree = "<group>"; };
		8207C1992C1602DA00449FFB /* GameCreatedView.swift */ = {isa = PBXFileReference; lastKnownFileType = sourcecode.swift; path = GameCreatedView.swift; sourceTree = "<group>"; };
		8207C19D2C160DAD00449FFB /* View+Extensions.swift */ = {isa = PBXFileReference; lastKnownFileType = sourcecode.swift; path = "View+Extensions.swift"; sourceTree = "<group>"; };
		8207C1A12C1613E000449FFB /* Colors.xcassets */ = {isa = PBXFileReference; lastKnownFileType = folder.assetcatalog; path = Colors.xcassets; sourceTree = "<group>"; };
		822B2E442BA920ED00CCF448 /* ShipGame.app */ = {isa = PBXFileReference; explicitFileType = wrapper.application; includeInIndex = 0; path = ShipGame.app; sourceTree = BUILT_PRODUCTS_DIR; };
		822B2E472BA920ED00CCF448 /* ShipGameApp.swift */ = {isa = PBXFileReference; lastKnownFileType = sourcecode.swift; path = ShipGameApp.swift; sourceTree = "<group>"; };
		822B2E492BA920ED00CCF448 /* GameView.swift */ = {isa = PBXFileReference; lastKnownFileType = sourcecode.swift; path = GameView.swift; sourceTree = "<group>"; };
		822B2E4B2BA920EF00CCF448 /* Assets.xcassets */ = {isa = PBXFileReference; lastKnownFileType = folder.assetcatalog; path = Assets.xcassets; sourceTree = "<group>"; };
		822B2E4D2BA920EF00CCF448 /* ShipGame.entitlements */ = {isa = PBXFileReference; lastKnownFileType = text.plist.entitlements; path = ShipGame.entitlements; sourceTree = "<group>"; };
		822B2E4F2BA920EF00CCF448 /* Preview Assets.xcassets */ = {isa = PBXFileReference; lastKnownFileType = folder.assetcatalog; path = "Preview Assets.xcassets"; sourceTree = "<group>"; };
		822B2E562BA9340F00CCF448 /* GameGrid.swift */ = {isa = PBXFileReference; lastKnownFileType = sourcecode.swift; path = GameGrid.swift; sourceTree = "<group>"; };
		8238E70C2BD5825A00C85144 /* LandingView.swift */ = {isa = PBXFileReference; lastKnownFileType = sourcecode.swift; path = LandingView.swift; sourceTree = "<group>"; };
		8238E70E2BD5833100C85144 /* BattleshipViewModel.swift */ = {isa = PBXFileReference; lastKnownFileType = sourcecode.swift; path = BattleshipViewModel.swift; sourceTree = "<group>"; };
		823C5BD02BE95AF100112962 /* CreateMessage.swift */ = {isa = PBXFileReference; lastKnownFileType = sourcecode.swift; path = CreateMessage.swift; sourceTree = "<group>"; };
		823C5BD22BE95B0F00112962 /* Message.swift */ = {isa = PBXFileReference; lastKnownFileType = sourcecode.swift; path = Message.swift; sourceTree = "<group>"; };
		823C5BD42BE95B2400112962 /* Code.swift */ = {isa = PBXFileReference; lastKnownFileType = sourcecode.swift; path = Code.swift; sourceTree = "<group>"; };
		823C5BD82BF124BD00112962 /* JoinMessage.swift */ = {isa = PBXFileReference; lastKnownFileType = sourcecode.swift; path = JoinMessage.swift; sourceTree = "<group>"; };
		828AE2132C1F524F00E54D74 /* SessionMessage.swift */ = {isa = PBXFileReference; lastKnownFileType = sourcecode.swift; path = SessionMessage.swift; sourceTree = "<group>"; };
		828AE2152C1F52A400E54D74 /* Session.swift */ = {isa = PBXFileReference; lastKnownFileType = sourcecode.swift; path = Session.swift; sourceTree = "<group>"; };
		82EFD99B2C0A60A300EAAF86 /* ResponseMessage.swift */ = {isa = PBXFileReference; lastKnownFileType = sourcecode.swift; path = ResponseMessage.swift; sourceTree = "<group>"; };
		82EFD99D2C0A696D00EAAF86 /* Instruction.swift */ = {isa = PBXFileReference; lastKnownFileType = sourcecode.swift; path = Instruction.swift; sourceTree = "<group>"; };
		82EFD99F2C0A69D200EAAF86 /* BattleshipDefendGridView.swift */ = {isa = PBXFileReference; lastKnownFileType = sourcecode.swift; path = BattleshipDefendGridView.swift; sourceTree = "<group>"; };
		82EFD9A22C0A7C3800EAAF86 /* InstructionsView.swift */ = {isa = PBXFileReference; lastKnownFileType = sourcecode.swift; path = InstructionsView.swift; sourceTree = "<group>"; };
		82EFD9A42C0A7C8000EAAF86 /* ShipsButtonView.swift */ = {isa = PBXFileReference; lastKnownFileType = sourcecode.swift; path = ShipsButtonView.swift; sourceTree = "<group>"; };
		82EFD9A62C0BBC7B00EAAF86 /* ReadyView.swift */ = {isa = PBXFileReference; lastKnownFileType = sourcecode.swift; path = ReadyView.swift; sourceTree = "<group>"; };
		82EFD9A82C0D08AA00EAAF86 /* ReadyMessage.swift */ = {isa = PBXFileReference; lastKnownFileType = sourcecode.swift; path = ReadyMessage.swift; sourceTree = "<group>"; };
		82EFD9AA2C0D09A400EAAF86 /* GameInfo.swift */ = {isa = PBXFileReference; lastKnownFileType = sourcecode.swift; path = GameInfo.swift; sourceTree = "<group>"; };
		82EFD9AC2C0D291900EAAF86 /* BattleshipAttackGridView.swift */ = {isa = PBXFileReference; lastKnownFileType = sourcecode.swift; path = BattleshipAttackGridView.swift; sourceTree = "<group>"; };
		82EFD9AE2C0D312F00EAAF86 /* AttackMessage.swift */ = {isa = PBXFileReference; lastKnownFileType = sourcecode.swift; path = AttackMessage.swift; sourceTree = "<group>"; };
		82EFD9B02C0D5B9300EAAF86 /* Game.swift */ = {isa = PBXFileReference; lastKnownFileType = sourcecode.swift; path = Game.swift; sourceTree = "<group>"; };
		82EFD9B22C0D5D1700EAAF86 /* Player.swift */ = {isa = PBXFileReference; lastKnownFileType = sourcecode.swift; path = Player.swift; sourceTree = "<group>"; };
		82F1D20F2C17E54600A600BF /* SunkenShip.swift */ = {isa = PBXFileReference; lastKnownFileType = sourcecode.swift; path = SunkenShip.swift; sourceTree = "<group>"; };
		82F1D2112C18DC4600A600BF /* EndMessage.swift */ = {isa = PBXFileReference; lastKnownFileType = sourcecode.swift; path = EndMessage.swift; sourceTree = "<group>"; };
		82F1D2132C18DCF600A600BF /* GameResult.swift */ = {isa = PBXFileReference; lastKnownFileType = sourcecode.swift; path = GameResult.swift; sourceTree = "<group>"; };
		82F1D2152C18E3C500A600BF /* EndGameView.swift */ = {isa = PBXFileReference; lastKnownFileType = sourcecode.swift; path = EndGameView.swift; sourceTree = "<group>"; };
		82F305C92BB461CC00F633FA /* WebSocketManager.swift */ = {isa = PBXFileReference; lastKnownFileType = sourcecode.swift; path = WebSocketManager.swift; sourceTree = "<group>"; };
/* End PBXFileReference section */

/* Begin PBXFrameworksBuildPhase section */
		822B2E412BA920ED00CCF448 /* Frameworks */ = {
			isa = PBXFrameworksBuildPhase;
			buildActionMask = 2147483647;
			files = (
			);
			runOnlyForDeploymentPostprocessing = 0;
		};
/* End PBXFrameworksBuildPhase section */

/* Begin PBXGroup section */
		8207C1842C0E1D8800449FFB /* SocketMessage */ = {
			isa = PBXGroup;
			children = (
				823C5BD02BE95AF100112962 /* CreateMessage.swift */,
				823C5BD22BE95B0F00112962 /* Message.swift */,
				823C5BD42BE95B2400112962 /* Code.swift */,
				823C5BD82BF124BD00112962 /* JoinMessage.swift */,
				82EFD99B2C0A60A300EAAF86 /* ResponseMessage.swift */,
				82EFD9A82C0D08AA00EAAF86 /* ReadyMessage.swift */,
				82EFD9AE2C0D312F00EAAF86 /* AttackMessage.swift */,
				82F1D2112C18DC4600A600BF /* EndMessage.swift */,
				828AE2132C1F524F00E54D74 /* SessionMessage.swift */,
			);
			path = SocketMessage;
			sourceTree = "<group>";
		};
		8207C1852C0E1D9E00449FFB /* Battleship */ = {
			isa = PBXGroup;
			children = (
				82EFD99D2C0A696D00EAAF86 /* Instruction.swift */,
				822B2E562BA9340F00CCF448 /* GameGrid.swift */,
				82EFD9AA2C0D09A400EAAF86 /* GameInfo.swift */,
				82EFD9B02C0D5B9300EAAF86 /* Game.swift */,
				82EFD9B22C0D5D1700EAAF86 /* Player.swift */,
				8207C1862C0E1DB500449FFB /* Coordinate.swift */,
				8207C1882C0E1DEF00449FFB /* Ship.swift */,
				8207C1932C15EC7A00449FFB /* AttackResult.swift */,
				82F1D20F2C17E54600A600BF /* SunkenShip.swift */,
				82F1D2132C18DCF600A600BF /* GameResult.swift */,
				828AE2152C1F52A400E54D74 /* Session.swift */,
			);
			path = Battleship;
			sourceTree = "<group>";
		};
		8207C18C2C0F8E1B00449FFB /* WebSocketLayer */ = {
			isa = PBXGroup;
			children = (
				82F305C92BB461CC00F633FA /* WebSocketManager.swift */,
				8207C18D2C0F8E4000449FFB /* WebSocketService.swift */,
			);
			path = WebSocketLayer;
			sourceTree = "<group>";
		};
		8207C19B2C16033600449FFB /* ViewModels */ = {
			isa = PBXGroup;
			children = (
				8238E70E2BD5833100C85144 /* BattleshipViewModel.swift */,
				8207C18F2C0F953800449FFB /* GameState.swift */,
				8207C1912C124F2800449FFB /* BattleshipInterface.swift */,
			);
			path = ViewModels;
			sourceTree = "<group>";
		};
		8207C19C2C160D9E00449FFB /* Extensions */ = {
			isa = PBXGroup;
			children = (
				8207C19D2C160DAD00449FFB /* View+Extensions.swift */,
			);
			path = Extensions;
			sourceTree = "<group>";
		};
		822B2E3B2BA920ED00CCF448 = {
			isa = PBXGroup;
			children = (
				822B2E462BA920ED00CCF448 /* ShipGame */,
				822B2E452BA920ED00CCF448 /* Products */,
			);
			sourceTree = "<group>";
		};
		822B2E452BA920ED00CCF448 /* Products */ = {
			isa = PBXGroup;
			children = (
				822B2E442BA920ED00CCF448 /* ShipGame.app */,
			);
			name = Products;
			sourceTree = "<group>";
		};
		822B2E462BA920ED00CCF448 /* ShipGame */ = {
			isa = PBXGroup;
			children = (
				8207C19C2C160D9E00449FFB /* Extensions */,
				823C5BCF2BE95AE700112962 /* Models */,
				8207C19B2C16033600449FFB /* ViewModels */,
				822B2E472BA920ED00CCF448 /* ShipGameApp.swift */,
				82EFD9A12C0A7C0700EAAF86 /* Views */,
				822B2E4B2BA920EF00CCF448 /* Assets.xcassets */,
				8207C1A12C1613E000449FFB /* Colors.xcassets */,
				822B2E4D2BA920EF00CCF448 /* ShipGame.entitlements */,
				822B2E4E2BA920EF00CCF448 /* Preview Content */,
				8207C18C2C0F8E1B00449FFB /* WebSocketLayer */,
			);
			path = ShipGame;
			sourceTree = "<group>";
		};
		822B2E4E2BA920EF00CCF448 /* Preview Content */ = {
			isa = PBXGroup;
			children = (
				822B2E4F2BA920EF00CCF448 /* Preview Assets.xcassets */,
			);
			path = "Preview Content";
			sourceTree = "<group>";
		};
		823C5BCF2BE95AE700112962 /* Models */ = {
			isa = PBXGroup;
			children = (
				8207C1852C0E1D9E00449FFB /* Battleship */,
				8207C1842C0E1D8800449FFB /* SocketMessage */,
			);
			path = Models;
			sourceTree = "<group>";
		};
		82EFD9A12C0A7C0700EAAF86 /* Views */ = {
			isa = PBXGroup;
			children = (
				8238E70C2BD5825A00C85144 /* LandingView.swift */,
				82EFD99F2C0A69D200EAAF86 /* BattleshipDefendGridView.swift */,
				82EFD9AC2C0D291900EAAF86 /* BattleshipAttackGridView.swift */,
				822B2E492BA920ED00CCF448 /* GameView.swift */,
				82EFD9A22C0A7C3800EAAF86 /* InstructionsView.swift */,
				82EFD9A42C0A7C8000EAAF86 /* ShipsButtonView.swift */,
				82EFD9A62C0BBC7B00EAAF86 /* ReadyView.swift */,
				8207C1952C1600B300449FFB /* BattleshipAttackView.swift */,
				8207C1972C1601A800449FFB /* BattleshipDefenceView.swift */,
				8207C1992C1602DA00449FFB /* GameCreatedView.swift */,
				82F1D2152C18E3C500A600BF /* EndGameView.swift */,
			);
			path = Views;
			sourceTree = "<group>";
		};
/* End PBXGroup section */

/* Begin PBXNativeTarget section */
		822B2E432BA920ED00CCF448 /* ShipGame */ = {
			isa = PBXNativeTarget;
			buildConfigurationList = 822B2E532BA920EF00CCF448 /* Build configuration list for PBXNativeTarget "ShipGame" */;
			buildPhases = (
				822B2E402BA920ED00CCF448 /* Sources */,
				822B2E412BA920ED00CCF448 /* Frameworks */,
				822B2E422BA920ED00CCF448 /* Resources */,
			);
			buildRules = (
			);
			dependencies = (
			);
			name = ShipGame;
			productName = ShipGame;
			productReference = 822B2E442BA920ED00CCF448 /* ShipGame.app */;
			productType = "com.apple.product-type.application";
		};
/* End PBXNativeTarget section */

/* Begin PBXProject section */
		822B2E3C2BA920ED00CCF448 /* Project object */ = {
			isa = PBXProject;
			attributes = {
				BuildIndependentTargetsInParallel = 1;
				LastSwiftUpdateCheck = 1510;
				LastUpgradeCheck = 1510;
				TargetAttributes = {
					822B2E432BA920ED00CCF448 = {
						CreatedOnToolsVersion = 15.1;
					};
				};
			};
			buildConfigurationList = 822B2E3F2BA920ED00CCF448 /* Build configuration list for PBXProject "ShipGame" */;
			compatibilityVersion = "Xcode 14.0";
			developmentRegion = en;
			hasScannedForEncodings = 0;
			knownRegions = (
				en,
				Base,
			);
			mainGroup = 822B2E3B2BA920ED00CCF448;
			productRefGroup = 822B2E452BA920ED00CCF448 /* Products */;
			projectDirPath = "";
			projectRoot = "";
			targets = (
				822B2E432BA920ED00CCF448 /* ShipGame */,
			);
		};
/* End PBXProject section */

/* Begin PBXResourcesBuildPhase section */
		822B2E422BA920ED00CCF448 /* Resources */ = {
			isa = PBXResourcesBuildPhase;
			buildActionMask = 2147483647;
			files = (
				8207C1A22C1613E000449FFB /* Colors.xcassets in Resources */,
				822B2E502BA920EF00CCF448 /* Preview Assets.xcassets in Resources */,
				822B2E4C2BA920EF00CCF448 /* Assets.xcassets in Resources */,
			);
			runOnlyForDeploymentPostprocessing = 0;
		};
/* End PBXResourcesBuildPhase section */

/* Begin PBXSourcesBuildPhase section */
		822B2E402BA920ED00CCF448 /* Sources */ = {
			isa = PBXSourcesBuildPhase;
			buildActionMask = 2147483647;
			files = (
				822B2E572BA9340F00CCF448 /* GameGrid.swift in Sources */,
				82EFD9A32C0A7C3800EAAF86 /* InstructionsView.swift in Sources */,
				82EFD9AD2C0D291900EAAF86 /* BattleshipAttackGridView.swift in Sources */,
				8238E70D2BD5825A00C85144 /* LandingView.swift in Sources */,
				822B2E4A2BA920ED00CCF448 /* GameView.swift in Sources */,
				82EFD9B32C0D5D1700EAAF86 /* Player.swift in Sources */,
				8207C19E2C160DAD00449FFB /* View+Extensions.swift in Sources */,
				82EFD99C2C0A60A300EAAF86 /* ResponseMessage.swift in Sources */,
				8207C1982C1601A800449FFB /* BattleshipDefenceView.swift in Sources */,
				82F1D2122C18DC4600A600BF /* EndMessage.swift in Sources */,
				82EFD9A72C0BBC7B00EAAF86 /* ReadyView.swift in Sources */,
				823C5BD12BE95AF100112962 /* CreateMessage.swift in Sources */,
				8207C1892C0E1DEF00449FFB /* Ship.swift in Sources */,
				8207C1962C1600B300449FFB /* BattleshipAttackView.swift in Sources */,
				82EFD9A92C0D08AA00EAAF86 /* ReadyMessage.swift in Sources */,
				8207C18E2C0F8E4000449FFB /* WebSocketService.swift in Sources */,
				8207C1922C124F2800449FFB /* BattleshipInterface.swift in Sources */,
				82EFD9AB2C0D09A400EAAF86 /* GameInfo.swift in Sources */,
				8207C1872C0E1DB500449FFB /* Coordinate.swift in Sources */,
				822B2E482BA920ED00CCF448 /* ShipGameApp.swift in Sources */,
				8207C19A2C1602DA00449FFB /* GameCreatedView.swift in Sources */,
				8207C1902C0F953800449FFB /* GameState.swift in Sources */,
				823C5BD32BE95B0F00112962 /* Message.swift in Sources */,
				82F1D2102C17E54600A600BF /* SunkenShip.swift in Sources */,
				82EFD9B12C0D5B9300EAAF86 /* Game.swift in Sources */,
				828AE2142C1F524F00E54D74 /* SessionMessage.swift in Sources */,
				8238E70F2BD5833100C85144 /* BattleshipViewModel.swift in Sources */,
				8207C1942C15EC7A00449FFB /* AttackResult.swift in Sources */,
				82EFD99E2C0A696D00EAAF86 /* Instruction.swift in Sources */,
				82F1D2162C18E3C500A600BF /* EndGameView.swift in Sources */,
				828AE2162C1F52A400E54D74 /* Session.swift in Sources */,
				823C5BD52BE95B2400112962 /* Code.swift in Sources */,
				82F1D2142C18DCF600A600BF /* GameResult.swift in Sources */,
				82F305CA2BB461CC00F633FA /* WebSocketManager.swift in Sources */,
				82EFD9AF2C0D312F00EAAF86 /* AttackMessage.swift in Sources */,
				82EFD9A02C0A69D200EAAF86 /* BattleshipDefendGridView.swift in Sources */,
				82EFD9A52C0A7C8100EAAF86 /* ShipsButtonView.swift in Sources */,
				823C5BD92BF124BD00112962 /* JoinMessage.swift in Sources */,
			);
			runOnlyForDeploymentPostprocessing = 0;
		};
/* End PBXSourcesBuildPhase section */

/* Begin XCBuildConfiguration section */
		822B2E512BA920EF00CCF448 /* Debug */ = {
			isa = XCBuildConfiguration;
			buildSettings = {
				ALWAYS_SEARCH_USER_PATHS = NO;
				ASSETCATALOG_COMPILER_GENERATE_SWIFT_ASSET_SYMBOL_EXTENSIONS = YES;
				CLANG_ANALYZER_NONNULL = YES;
				CLANG_ANALYZER_NUMBER_OBJECT_CONVERSION = YES_AGGRESSIVE;
				CLANG_CXX_LANGUAGE_STANDARD = "gnu++20";
				CLANG_ENABLE_MODULES = YES;
				CLANG_ENABLE_OBJC_ARC = YES;
				CLANG_ENABLE_OBJC_WEAK = YES;
				CLANG_WARN_BLOCK_CAPTURE_AUTORELEASING = YES;
				CLANG_WARN_BOOL_CONVERSION = YES;
				CLANG_WARN_COMMA = YES;
				CLANG_WARN_CONSTANT_CONVERSION = YES;
				CLANG_WARN_DEPRECATED_OBJC_IMPLEMENTATIONS = YES;
				CLANG_WARN_DIRECT_OBJC_ISA_USAGE = YES_ERROR;
				CLANG_WARN_DOCUMENTATION_COMMENTS = YES;
				CLANG_WARN_EMPTY_BODY = YES;
				CLANG_WARN_ENUM_CONVERSION = YES;
				CLANG_WARN_INFINITE_RECURSION = YES;
				CLANG_WARN_INT_CONVERSION = YES;
				CLANG_WARN_NON_LITERAL_NULL_CONVERSION = YES;
				CLANG_WARN_OBJC_IMPLICIT_RETAIN_SELF = YES;
				CLANG_WARN_OBJC_LITERAL_CONVERSION = YES;
				CLANG_WARN_OBJC_ROOT_CLASS = YES_ERROR;
				CLANG_WARN_QUOTED_INCLUDE_IN_FRAMEWORK_HEADER = YES;
				CLANG_WARN_RANGE_LOOP_ANALYSIS = YES;
				CLANG_WARN_STRICT_PROTOTYPES = YES;
				CLANG_WARN_SUSPICIOUS_MOVE = YES;
				CLANG_WARN_UNGUARDED_AVAILABILITY = YES_AGGRESSIVE;
				CLANG_WARN_UNREACHABLE_CODE = YES;
				CLANG_WARN__DUPLICATE_METHOD_MATCH = YES;
				COPY_PHASE_STRIP = NO;
				DEBUG_INFORMATION_FORMAT = dwarf;
				ENABLE_STRICT_OBJC_MSGSEND = YES;
				ENABLE_TESTABILITY = YES;
				ENABLE_USER_SCRIPT_SANDBOXING = YES;
				GCC_C_LANGUAGE_STANDARD = gnu17;
				GCC_DYNAMIC_NO_PIC = NO;
				GCC_NO_COMMON_BLOCKS = YES;
				GCC_OPTIMIZATION_LEVEL = 0;
				GCC_PREPROCESSOR_DEFINITIONS = (
					"DEBUG=1",
					"$(inherited)",
				);
				GCC_WARN_64_TO_32_BIT_CONVERSION = YES;
				GCC_WARN_ABOUT_RETURN_TYPE = YES_ERROR;
				GCC_WARN_UNDECLARED_SELECTOR = YES;
				GCC_WARN_UNINITIALIZED_AUTOS = YES_AGGRESSIVE;
				GCC_WARN_UNUSED_FUNCTION = YES;
				GCC_WARN_UNUSED_VARIABLE = YES;
				LOCALIZATION_PREFERS_STRING_CATALOGS = YES;
				MTL_ENABLE_DEBUG_INFO = INCLUDE_SOURCE;
				MTL_FAST_MATH = YES;
				ONLY_ACTIVE_ARCH = YES;
				SWIFT_ACTIVE_COMPILATION_CONDITIONS = "DEBUG $(inherited)";
				SWIFT_OPTIMIZATION_LEVEL = "-Onone";
			};
			name = Debug;
		};
		822B2E522BA920EF00CCF448 /* Release */ = {
			isa = XCBuildConfiguration;
			buildSettings = {
				ALWAYS_SEARCH_USER_PATHS = NO;
				ASSETCATALOG_COMPILER_GENERATE_SWIFT_ASSET_SYMBOL_EXTENSIONS = YES;
				CLANG_ANALYZER_NONNULL = YES;
				CLANG_ANALYZER_NUMBER_OBJECT_CONVERSION = YES_AGGRESSIVE;
				CLANG_CXX_LANGUAGE_STANDARD = "gnu++20";
				CLANG_ENABLE_MODULES = YES;
				CLANG_ENABLE_OBJC_ARC = YES;
				CLANG_ENABLE_OBJC_WEAK = YES;
				CLANG_WARN_BLOCK_CAPTURE_AUTORELEASING = YES;
				CLANG_WARN_BOOL_CONVERSION = YES;
				CLANG_WARN_COMMA = YES;
				CLANG_WARN_CONSTANT_CONVERSION = YES;
				CLANG_WARN_DEPRECATED_OBJC_IMPLEMENTATIONS = YES;
				CLANG_WARN_DIRECT_OBJC_ISA_USAGE = YES_ERROR;
				CLANG_WARN_DOCUMENTATION_COMMENTS = YES;
				CLANG_WARN_EMPTY_BODY = YES;
				CLANG_WARN_ENUM_CONVERSION = YES;
				CLANG_WARN_INFINITE_RECURSION = YES;
				CLANG_WARN_INT_CONVERSION = YES;
				CLANG_WARN_NON_LITERAL_NULL_CONVERSION = YES;
				CLANG_WARN_OBJC_IMPLICIT_RETAIN_SELF = YES;
				CLANG_WARN_OBJC_LITERAL_CONVERSION = YES;
				CLANG_WARN_OBJC_ROOT_CLASS = YES_ERROR;
				CLANG_WARN_QUOTED_INCLUDE_IN_FRAMEWORK_HEADER = YES;
				CLANG_WARN_RANGE_LOOP_ANALYSIS = YES;
				CLANG_WARN_STRICT_PROTOTYPES = YES;
				CLANG_WARN_SUSPICIOUS_MOVE = YES;
				CLANG_WARN_UNGUARDED_AVAILABILITY = YES_AGGRESSIVE;
				CLANG_WARN_UNREACHABLE_CODE = YES;
				CLANG_WARN__DUPLICATE_METHOD_MATCH = YES;
				COPY_PHASE_STRIP = NO;
				DEBUG_INFORMATION_FORMAT = "dwarf-with-dsym";
				ENABLE_NS_ASSERTIONS = NO;
				ENABLE_STRICT_OBJC_MSGSEND = YES;
				ENABLE_USER_SCRIPT_SANDBOXING = YES;
				GCC_C_LANGUAGE_STANDARD = gnu17;
				GCC_NO_COMMON_BLOCKS = YES;
				GCC_WARN_64_TO_32_BIT_CONVERSION = YES;
				GCC_WARN_ABOUT_RETURN_TYPE = YES_ERROR;
				GCC_WARN_UNDECLARED_SELECTOR = YES;
				GCC_WARN_UNINITIALIZED_AUTOS = YES_AGGRESSIVE;
				GCC_WARN_UNUSED_FUNCTION = YES;
				GCC_WARN_UNUSED_VARIABLE = YES;
				LOCALIZATION_PREFERS_STRING_CATALOGS = YES;
				MTL_ENABLE_DEBUG_INFO = NO;
				MTL_FAST_MATH = YES;
				SWIFT_COMPILATION_MODE = wholemodule;
			};
			name = Release;
		};
		822B2E542BA920EF00CCF448 /* Debug */ = {
			isa = XCBuildConfiguration;
			buildSettings = {
				ASSETCATALOG_COMPILER_APPICON_NAME = AppIcon;
				ASSETCATALOG_COMPILER_GLOBAL_ACCENT_COLOR_NAME = AccentColor;
				CODE_SIGN_ENTITLEMENTS = ShipGame/ShipGame.entitlements;
				CODE_SIGN_STYLE = Automatic;
				CURRENT_PROJECT_VERSION = 1;
				DEVELOPMENT_ASSET_PATHS = "\"ShipGame/Preview Content\"";
				DEVELOPMENT_TEAM = V8MTN2VWRH;
				ENABLE_HARDENED_RUNTIME = YES;
				ENABLE_PREVIEWS = YES;
				GENERATE_INFOPLIST_FILE = YES;
				"INFOPLIST_KEY_UIApplicationSceneManifest_Generation[sdk=iphoneos*]" = YES;
				"INFOPLIST_KEY_UIApplicationSceneManifest_Generation[sdk=iphonesimulator*]" = YES;
				"INFOPLIST_KEY_UIApplicationSupportsIndirectInputEvents[sdk=iphoneos*]" = YES;
				"INFOPLIST_KEY_UIApplicationSupportsIndirectInputEvents[sdk=iphonesimulator*]" = YES;
				"INFOPLIST_KEY_UILaunchScreen_Generation[sdk=iphoneos*]" = YES;
				"INFOPLIST_KEY_UILaunchScreen_Generation[sdk=iphonesimulator*]" = YES;
				"INFOPLIST_KEY_UIStatusBarStyle[sdk=iphoneos*]" = UIStatusBarStyleDefault;
				"INFOPLIST_KEY_UIStatusBarStyle[sdk=iphonesimulator*]" = UIStatusBarStyleDefault;
				INFOPLIST_KEY_UISupportedInterfaceOrientations_iPad = "UIInterfaceOrientationPortrait UIInterfaceOrientationPortraitUpsideDown UIInterfaceOrientationLandscapeLeft UIInterfaceOrientationLandscapeRight";
				INFOPLIST_KEY_UISupportedInterfaceOrientations_iPhone = "UIInterfaceOrientationPortrait UIInterfaceOrientationLandscapeLeft UIInterfaceOrientationLandscapeRight";
				IPHONEOS_DEPLOYMENT_TARGET = 17.2;
				LD_RUNPATH_SEARCH_PATHS = "@executable_path/Frameworks";
				"LD_RUNPATH_SEARCH_PATHS[sdk=macosx*]" = "@executable_path/../Frameworks";
				MACOSX_DEPLOYMENT_TARGET = 14.2;
				MARKETING_VERSION = 1.0;
				PRODUCT_BUNDLE_IDENTIFIER = "com.mori-ahk.ShipGame";
				PRODUCT_NAME = "$(TARGET_NAME)";
				SDKROOT = auto;
				SUPPORTED_PLATFORMS = "iphoneos iphonesimulator macosx";
				SWIFT_EMIT_LOC_STRINGS = YES;
				SWIFT_VERSION = 5.0;
				TARGETED_DEVICE_FAMILY = "1,2";
			};
			name = Debug;
		};
		822B2E552BA920EF00CCF448 /* Release */ = {
			isa = XCBuildConfiguration;
			buildSettings = {
				ASSETCATALOG_COMPILER_APPICON_NAME = AppIcon;
				ASSETCATALOG_COMPILER_GLOBAL_ACCENT_COLOR_NAME = AccentColor;
				CODE_SIGN_ENTITLEMENTS = ShipGame/ShipGame.entitlements;
				CODE_SIGN_STYLE = Automatic;
				CURRENT_PROJECT_VERSION = 1;
				DEVELOPMENT_ASSET_PATHS = "\"ShipGame/Preview Content\"";
				DEVELOPMENT_TEAM = V8MTN2VWRH;
				ENABLE_HARDENED_RUNTIME = YES;
				ENABLE_PREVIEWS = YES;
				GENERATE_INFOPLIST_FILE = YES;
				"INFOPLIST_KEY_UIApplicationSceneManifest_Generation[sdk=iphoneos*]" = YES;
				"INFOPLIST_KEY_UIApplicationSceneManifest_Generation[sdk=iphonesimulator*]" = YES;
				"INFOPLIST_KEY_UIApplicationSupportsIndirectInputEvents[sdk=iphoneos*]" = YES;
				"INFOPLIST_KEY_UIApplicationSupportsIndirectInputEvents[sdk=iphonesimulator*]" = YES;
				"INFOPLIST_KEY_UILaunchScreen_Generation[sdk=iphoneos*]" = YES;
				"INFOPLIST_KEY_UILaunchScreen_Generation[sdk=iphonesimulator*]" = YES;
				"INFOPLIST_KEY_UIStatusBarStyle[sdk=iphoneos*]" = UIStatusBarStyleDefault;
				"INFOPLIST_KEY_UIStatusBarStyle[sdk=iphonesimulator*]" = UIStatusBarStyleDefault;
				INFOPLIST_KEY_UISupportedInterfaceOrientations_iPad = "UIInterfaceOrientationPortrait UIInterfaceOrientationPortraitUpsideDown UIInterfaceOrientationLandscapeLeft UIInterfaceOrientationLandscapeRight";
				INFOPLIST_KEY_UISupportedInterfaceOrientations_iPhone = "UIInterfaceOrientationPortrait UIInterfaceOrientationLandscapeLeft UIInterfaceOrientationLandscapeRight";
				IPHONEOS_DEPLOYMENT_TARGET = 17.2;
				LD_RUNPATH_SEARCH_PATHS = "@executable_path/Frameworks";
				"LD_RUNPATH_SEARCH_PATHS[sdk=macosx*]" = "@executable_path/../Frameworks";
				MACOSX_DEPLOYMENT_TARGET = 14.2;
				MARKETING_VERSION = 1.0;
				PRODUCT_BUNDLE_IDENTIFIER = "com.mori-ahk.ShipGame";
				PRODUCT_NAME = "$(TARGET_NAME)";
				SDKROOT = auto;
				SUPPORTED_PLATFORMS = "iphoneos iphonesimulator macosx";
				SWIFT_EMIT_LOC_STRINGS = YES;
				SWIFT_VERSION = 5.0;
				TARGETED_DEVICE_FAMILY = "1,2";
			};
			name = Release;
		};
/* End XCBuildConfiguration section */

/* Begin XCConfigurationList section */
		822B2E3F2BA920ED00CCF448 /* Build configuration list for PBXProject "ShipGame" */ = {
			isa = XCConfigurationList;
			buildConfigurations = (
				822B2E512BA920EF00CCF448 /* Debug */,
				822B2E522BA920EF00CCF448 /* Release */,
			);
			defaultConfigurationIsVisible = 0;
			defaultConfigurationName = Release;
		};
		822B2E532BA920EF00CCF448 /* Build configuration list for PBXNativeTarget "ShipGame" */ = {
			isa = XCConfigurationList;
			buildConfigurations = (
				822B2E542BA920EF00CCF448 /* Debug */,
				822B2E552BA920EF00CCF448 /* Release */,
			);
			defaultConfigurationIsVisible = 0;
			defaultConfigurationName = Release;
		};
/* End XCConfigurationList section */
	};
	rootObject = 822B2E3C2BA920ED00CCF448 /* Project object */;
}
